
Microsoft Visual Studio Solution File, Format Version 12.00
# Visual Studio Version 16
VisualStudioVersion = 16.0.31313.79
MinimumVisualStudioVersion = 10.0.40219.1
Project("{FAE04EC0-301F-11D3-BF4B-00C04F79EFBC}") = "TriviaCycler", "TriviaCycler\TriviaCycler.csproj", "{B33E30BD-90EF-4D3B-AEEF-B54917ACEEDF}"
EndProject
Global
	GlobalSection(SolutionConfigurationPlatforms) = preSolution
		Debug|Any CPU = Debug|Any CPU
		Release|Any CPU = Release|Any CPU
	EndGlobalSection
	GlobalSection(ProjectConfigurationPlatforms) = postSolution
		{B33E30BD-90EF-4D3B-AEEF-B54917ACEEDF}.Debug|Any CPU.ActiveCfg = Debug|Any CPU
		{B33E30BD-90EF-4D3B-AEEF-B54917ACEEDF}.Debug|Any CPU.Build.0 = Debug|Any CPU
		{B33E30BD-90EF-4D3B-AEEF-B54917ACEEDF}.Release|Any CPU.ActiveCfg = Release|Any CPU
		{B33E30BD-90EF-4D3B-AEEF-B54917ACEEDF}.Release|Any CPU.Build.0 = Release|Any CPU
	EndGlobalSection
	GlobalSection(SolutionProperties) = preSolution
		HideSolutionNode = FALSE
	EndGlobalSection
	GlobalSection(ExtensibilityGlobals) = postSolution
		SolutionGuid = {EFA51255-BF95-439F-9456-212EA27AB1BB}
	EndGlobalSection
EndGlobal
